
Microsoft Visual Studio Solution File, Format Version 12.00
# Visual Studio 15
VisualStudioVersion = 15.0.28307.329
MinimumVisualStudioVersion = 10.0.40219.1
Project("{FAE04EC0-301F-11D3-BF4B-00C04F79EFBC}") = "C0731779", "C0731779\C0731779.csproj", "{0AC74DAB-333F-4864-B512-5C5CD52CA93E}"
EndProject
Global
	GlobalSection(SolutionConfigurationPlatforms) = preSolution
		Debug|Any CPU = Debug|Any CPU
		Release|Any CPU = Release|Any CPU
	EndGlobalSection
	GlobalSection(ProjectConfigurationPlatforms) = postSolution
		{0AC74DAB-333F-4864-B512-5C5CD52CA93E}.Debug|Any CPU.ActiveCfg = Debug|Any CPU
		{0AC74DAB-333F-4864-B512-5C5CD52CA93E}.Debug|Any CPU.Build.0 = Debug|Any CPU
		{0AC74DAB-333F-4864-B512-5C5CD52CA93E}.Release|Any CPU.ActiveCfg = Release|Any CPU
		{0AC74DAB-333F-4864-B512-5C5CD52CA93E}.Release|Any CPU.Build.0 = Release|Any CPU
	EndGlobalSection
	GlobalSection(SolutionProperties) = preSolution
		HideSolutionNode = FALSE
	EndGlobalSection
	GlobalSection(ExtensibilityGlobals) = postSolution
		SolutionGuid = {B7D8F87B-5967-4339-997B-9BBF1618BB4D}
	EndGlobalSection
EndGlobal
